// !$*UTF8*$!
{
	archiveVersion = 1;
	classes = {
	};
	objectVersion = 50;
	objects = {

/* Begin PBXBuildFile section */
		D9E7400525B8EAEE00DE95CE /* AppDelegate.swift in Sources */ = {isa = PBXBuildFile; fileRef = D9E7400425B8EAEE00DE95CE /* AppDelegate.swift */; };
		D9E7400725B8EAEE00DE95CE /* SceneDelegate.swift in Sources */ = {isa = PBXBuildFile; fileRef = D9E7400625B8EAEE00DE95CE /* SceneDelegate.swift */; };
		D9E7400925B8EAEE00DE95CE /* ViewController.swift in Sources */ = {isa = PBXBuildFile; fileRef = D9E7400825B8EAEE00DE95CE /* ViewController.swift */; };
		D9E7400C25B8EAEE00DE95CE /* Main.storyboard in Resources */ = {isa = PBXBuildFile; fileRef = D9E7400A25B8EAEE00DE95CE /* Main.storyboard */; };
		D9E7400E25B8EAF600DE95CE /* Assets.xcassets in Resources */ = {isa = PBXBuildFile; fileRef = D9E7400D25B8EAF600DE95CE /* Assets.xcassets */; };
		D9E7401125B8EAF600DE95CE /* LaunchScreen.storyboard in Resources */ = {isa = PBXBuildFile; fileRef = D9E7400F25B8EAF600DE95CE /* LaunchScreen.storyboard */; };
		D9E7401C25B8EAF700DE95CE /* GNB_ProductsTests.swift in Sources */ = {isa = PBXBuildFile; fileRef = D9E7401B25B8EAF700DE95CE /* GNB_ProductsTests.swift */; };
		D9E7402725B8EAF700DE95CE /* GNB_ProductsUITests.swift in Sources */ = {isa = PBXBuildFile; fileRef = D9E7402625B8EAF700DE95CE /* GNB_ProductsUITests.swift */; };
/* End PBXBuildFile section */

/* Begin PBXContainerItemProxy section */
		D9E7401825B8EAF700DE95CE /* PBXContainerItemProxy */ = {
			isa = PBXContainerItemProxy;
			containerPortal = D9E73FF925B8EAEE00DE95CE /* Project object */;
			proxyType = 1;
			remoteGlobalIDString = D9E7400025B8EAEE00DE95CE;
			remoteInfo = "GNB Products";
		};
		D9E7402325B8EAF700DE95CE /* PBXContainerItemProxy */ = {
			isa = PBXContainerItemProxy;
			containerPortal = D9E73FF925B8EAEE00DE95CE /* Project object */;
			proxyType = 1;
			remoteGlobalIDString = D9E7400025B8EAEE00DE95CE;
			remoteInfo = "GNB Products";
		};
/* End PBXContainerItemProxy section */

/* Begin PBXFileReference section */
		D9E7400125B8EAEE00DE95CE /* GNB Products.app */ = {isa = PBXFileReference; explicitFileType = wrapper.application; includeInIndex = 0; path = "GNB Products.app"; sourceTree = BUILT_PRODUCTS_DIR; };
		D9E7400425B8EAEE00DE95CE /* AppDelegate.swift */ = {isa = PBXFileReference; lastKnownFileType = sourcecode.swift; path = AppDelegate.swift; sourceTree = "<group>"; };
		D9E7400625B8EAEE00DE95CE /* SceneDelegate.swift */ = {isa = PBXFileReference; lastKnownFileType = sourcecode.swift; path = SceneDelegate.swift; sourceTree = "<group>"; };
		D9E7400825B8EAEE00DE95CE /* ViewController.swift */ = {isa = PBXFileReference; lastKnownFileType = sourcecode.swift; path = ViewController.swift; sourceTree = "<group>"; };
		D9E7400B25B8EAEE00DE95CE /* Base */ = {isa = PBXFileReference; lastKnownFileType = file.storyboard; name = Base; path = Base.lproj/Main.storyboard; sourceTree = "<group>"; };
		D9E7400D25B8EAF600DE95CE /* Assets.xcassets */ = {isa = PBXFileReference; lastKnownFileType = folder.assetcatalog; path = Assets.xcassets; sourceTree = "<group>"; };
		D9E7401025B8EAF600DE95CE /* Base */ = {isa = PBXFileReference; lastKnownFileType = file.storyboard; name = Base; path = Base.lproj/LaunchScreen.storyboard; sourceTree = "<group>"; };
		D9E7401225B8EAF600DE95CE /* Info.plist */ = {isa = PBXFileReference; lastKnownFileType = text.plist.xml; path = Info.plist; sourceTree = "<group>"; };
		D9E7401725B8EAF700DE95CE /* GNB ProductsTests.xctest */ = {isa = PBXFileReference; explicitFileType = wrapper.cfbundle; includeInIndex = 0; path = "GNB ProductsTests.xctest"; sourceTree = BUILT_PRODUCTS_DIR; };
		D9E7401B25B8EAF700DE95CE /* GNB_ProductsTests.swift */ = {isa = PBXFileReference; lastKnownFileType = sourcecode.swift; path = GNB_ProductsTests.swift; sourceTree = "<group>"; };
		D9E7401D25B8EAF700DE95CE /* Info.plist */ = {isa = PBXFileReference; lastKnownFileType = text.plist.xml; path = Info.plist; sourceTree = "<group>"; };
		D9E7402225B8EAF700DE95CE /* GNB ProductsUITests.xctest */ = {isa = PBXFileReference; explicitFileType = wrapper.cfbundle; includeInIndex = 0; path = "GNB ProductsUITests.xctest"; sourceTree = BUILT_PRODUCTS_DIR; };
		D9E7402625B8EAF700DE95CE /* GNB_ProductsUITests.swift */ = {isa = PBXFileReference; lastKnownFileType = sourcecode.swift; path = GNB_ProductsUITests.swift; sourceTree = "<group>"; };
		D9E7402825B8EAF700DE95CE /* Info.plist */ = {isa = PBXFileReference; lastKnownFileType = text.plist.xml; path = Info.plist; sourceTree = "<group>"; };
/* End PBXFileReference section */

/* Begin PBXFrameworksBuildPhase section */
		D9E73FFE25B8EAEE00DE95CE /* Frameworks */ = {
			isa = PBXFrameworksBuildPhase;
			buildActionMask = 2147483647;
			files = (
			);
			runOnlyForDeploymentPostprocessing = 0;
		};
		D9E7401425B8EAF700DE95CE /* Frameworks */ = {
			isa = PBXFrameworksBuildPhase;
			buildActionMask = 2147483647;
			files = (
			);
			runOnlyForDeploymentPostprocessing = 0;
		};
		D9E7401F25B8EAF700DE95CE /* Frameworks */ = {
			isa = PBXFrameworksBuildPhase;
			buildActionMask = 2147483647;
			files = (
			);
			runOnlyForDeploymentPostprocessing = 0;
		};
/* End PBXFrameworksBuildPhase section */

/* Begin PBXGroup section */
		D9E73FF825B8EAEE00DE95CE = {
			isa = PBXGroup;
			children = (
				D9E7400325B8EAEE00DE95CE /* GNB Products */,
				D9E7401A25B8EAF700DE95CE /* GNB ProductsTests */,
				D9E7402525B8EAF700DE95CE /* GNB ProductsUITests */,
				D9E7400225B8EAEE00DE95CE /* Products */,
			);
			sourceTree = "<group>";
		};
		D9E7400225B8EAEE00DE95CE /* Products */ = {
			isa = PBXGroup;
			children = (
				D9E7400125B8EAEE00DE95CE /* GNB Products.app */,
				D9E7401725B8EAF700DE95CE /* GNB ProductsTests.xctest */,
				D9E7402225B8EAF700DE95CE /* GNB ProductsUITests.xctest */,
			);
			name = Products;
			sourceTree = "<group>";
		};
		D9E7400325B8EAEE00DE95CE /* GNB Products */ = {
			isa = PBXGroup;
			children = (
				D9E7400425B8EAEE00DE95CE /* AppDelegate.swift */,
				D9E7400625B8EAEE00DE95CE /* SceneDelegate.swift */,
				D9E7400825B8EAEE00DE95CE /* ViewController.swift */,
				D9E7400A25B8EAEE00DE95CE /* Main.storyboard */,
				D9E7400D25B8EAF600DE95CE /* Assets.xcassets */,
				D9E7400F25B8EAF600DE95CE /* LaunchScreen.storyboard */,
				D9E7401225B8EAF600DE95CE /* Info.plist */,
			);
			path = "GNB Products";
			sourceTree = "<group>";
		};
		D9E7401A25B8EAF700DE95CE /* GNB ProductsTests */ = {
			isa = PBXGroup;
			children = (
				D9E7401B25B8EAF700DE95CE /* GNB_ProductsTests.swift */,
				D9E7401D25B8EAF700DE95CE /* Info.plist */,
			);
			path = "GNB ProductsTests";
			sourceTree = "<group>";
		};
		D9E7402525B8EAF700DE95CE /* GNB ProductsUITests */ = {
			isa = PBXGroup;
			children = (
				D9E7402625B8EAF700DE95CE /* GNB_ProductsUITests.swift */,
				D9E7402825B8EAF700DE95CE /* Info.plist */,
			);
			path = "GNB ProductsUITests";
			sourceTree = "<group>";
		};
/* End PBXGroup section */

/* Begin PBXNativeTarget section */
		D9E7400025B8EAEE00DE95CE /* GNB Products */ = {
			isa = PBXNativeTarget;
			buildConfigurationList = D9E7402B25B8EAF700DE95CE /* Build configuration list for PBXNativeTarget "GNB Products" */;
			buildPhases = (
				D9E73FFD25B8EAEE00DE95CE /* Sources */,
				D9E73FFE25B8EAEE00DE95CE /* Frameworks */,
				D9E73FFF25B8EAEE00DE95CE /* Resources */,
			);
			buildRules = (
			);
			dependencies = (
			);
			name = "GNB Products";
			productName = "GNB Products";
			productReference = D9E7400125B8EAEE00DE95CE /* GNB Products.app */;
			productType = "com.apple.product-type.application";
		};
		D9E7401625B8EAF700DE95CE /* GNB ProductsTests */ = {
			isa = PBXNativeTarget;
			buildConfigurationList = D9E7402E25B8EAF700DE95CE /* Build configuration list for PBXNativeTarget "GNB ProductsTests" */;
			buildPhases = (
				D9E7401325B8EAF700DE95CE /* Sources */,
				D9E7401425B8EAF700DE95CE /* Frameworks */,
				D9E7401525B8EAF700DE95CE /* Resources */,
			);
			buildRules = (
			);
			dependencies = (
				D9E7401925B8EAF700DE95CE /* PBXTargetDependency */,
			);
			name = "GNB ProductsTests";
			productName = "GNB ProductsTests";
			productReference = D9E7401725B8EAF700DE95CE /* GNB ProductsTests.xctest */;
			productType = "com.apple.product-type.bundle.unit-test";
		};
		D9E7402125B8EAF700DE95CE /* GNB ProductsUITests */ = {
			isa = PBXNativeTarget;
			buildConfigurationList = D9E7403125B8EAF700DE95CE /* Build configuration list for PBXNativeTarget "GNB ProductsUITests" */;
			buildPhases = (
				D9E7401E25B8EAF700DE95CE /* Sources */,
				D9E7401F25B8EAF700DE95CE /* Frameworks */,
				D9E7402025B8EAF700DE95CE /* Resources */,
			);
			buildRules = (
			);
			dependencies = (
				D9E7402425B8EAF700DE95CE /* PBXTargetDependency */,
			);
			name = "GNB ProductsUITests";
			productName = "GNB ProductsUITests";
			productReference = D9E7402225B8EAF700DE95CE /* GNB ProductsUITests.xctest */;
			productType = "com.apple.product-type.bundle.ui-testing";
		};
/* End PBXNativeTarget section */

/* Begin PBXProject section */
		D9E73FF925B8EAEE00DE95CE /* Project object */ = {
			isa = PBXProject;
			attributes = {
				LastSwiftUpdateCheck = 1230;
				LastUpgradeCheck = 1230;
				TargetAttributes = {
					D9E7400025B8EAEE00DE95CE = {
						CreatedOnToolsVersion = 12.3;
					};
					D9E7401625B8EAF700DE95CE = {
						CreatedOnToolsVersion = 12.3;
						TestTargetID = D9E7400025B8EAEE00DE95CE;
					};
					D9E7402125B8EAF700DE95CE = {
						CreatedOnToolsVersion = 12.3;
						TestTargetID = D9E7400025B8EAEE00DE95CE;
					};
				};
			};
			buildConfigurationList = D9E73FFC25B8EAEE00DE95CE /* Build configuration list for PBXProject "GNB Products" */;
			compatibilityVersion = "Xcode 9.3";
			developmentRegion = en;
			hasScannedForEncodings = 0;
			knownRegions = (
				en,
				Base,
			);
			mainGroup = D9E73FF825B8EAEE00DE95CE;
			productRefGroup = D9E7400225B8EAEE00DE95CE /* Products */;
			projectDirPath = "";
			projectRoot = "";
			targets = (
				D9E7400025B8EAEE00DE95CE /* GNB Products */,
				D9E7401625B8EAF700DE95CE /* GNB ProductsTests */,
				D9E7402125B8EAF700DE95CE /* GNB ProductsUITests */,
			);
		};
/* End PBXProject section */

/* Begin PBXResourcesBuildPhase section */
		D9E73FFF25B8EAEE00DE95CE /* Resources */ = {
			isa = PBXResourcesBuildPhase;
			buildActionMask = 2147483647;
			files = (
				D9E7401125B8EAF600DE95CE /* LaunchScreen.storyboard in Resources */,
				D9E7400E25B8EAF600DE95CE /* Assets.xcassets in Resources */,
				D9E7400C25B8EAEE00DE95CE /* Main.storyboard in Resources */,
			);
			runOnlyForDeploymentPostprocessing = 0;
		};
		D9E7401525B8EAF700DE95CE /* Resources */ = {
			isa = PBXResourcesBuildPhase;
			buildActionMask = 2147483647;
			files = (
			);
			runOnlyForDeploymentPostprocessing = 0;
		};
		D9E7402025B8EAF700DE95CE /* Resources */ = {
			isa = PBXResourcesBuildPhase;
			buildActionMask = 2147483647;
			files = (
			);
			runOnlyForDeploymentPostprocessing = 0;
		};
/* End PBXResourcesBuildPhase section */

/* Begin PBXSourcesBuildPhase section */
		D9E73FFD25B8EAEE00DE95CE /* Sources */ = {
			isa = PBXSourcesBuildPhase;
			buildActionMask = 2147483647;
			files = (
				D9E7400925B8EAEE00DE95CE /* ViewController.swift in Sources */,
				D9E7400525B8EAEE00DE95CE /* AppDelegate.swift in Sources */,
				D9E7400725B8EAEE00DE95CE /* SceneDelegate.swift in Sources */,
			);
			runOnlyForDeploymentPostprocessing = 0;
		};
		D9E7401325B8EAF700DE95CE /* Sources */ = {
			isa = PBXSourcesBuildPhase;
			buildActionMask = 2147483647;
			files = (
				D9E7401C25B8EAF700DE95CE /* GNB_ProductsTests.swift in Sources */,
			);
			runOnlyForDeploymentPostprocessing = 0;
		};
		D9E7401E25B8EAF700DE95CE /* Sources */ = {
			isa = PBXSourcesBuildPhase;
			buildActionMask = 2147483647;
			files = (
				D9E7402725B8EAF700DE95CE /* GNB_ProductsUITests.swift in Sources */,
			);
			runOnlyForDeploymentPostprocessing = 0;
		};
/* End PBXSourcesBuildPhase section */

/* Begin PBXTargetDependency section */
		D9E7401925B8EAF700DE95CE /* PBXTargetDependency */ = {
			isa = PBXTargetDependency;
			target = D9E7400025B8EAEE00DE95CE /* GNB Products */;
			targetProxy = D9E7401825B8EAF700DE95CE /* PBXContainerItemProxy */;
		};
		D9E7402425B8EAF700DE95CE /* PBXTargetDependency */ = {
			isa = PBXTargetDependency;
			target = D9E7400025B8EAEE00DE95CE /* GNB Products */;
			targetProxy = D9E7402325B8EAF700DE95CE /* PBXContainerItemProxy */;
		};
/* End PBXTargetDependency section */

/* Begin PBXVariantGroup section */
		D9E7400A25B8EAEE00DE95CE /* Main.storyboard */ = {
			isa = PBXVariantGroup;
			children = (
				D9E7400B25B8EAEE00DE95CE /* Base */,
			);
			name = Main.storyboard;
			sourceTree = "<group>";
		};
		D9E7400F25B8EAF600DE95CE /* LaunchScreen.storyboard */ = {
			isa = PBXVariantGroup;
			children = (
				D9E7401025B8EAF600DE95CE /* Base */,
			);
			name = LaunchScreen.storyboard;
			sourceTree = "<group>";
		};
/* End PBXVariantGroup section */

/* Begin XCBuildConfiguration section */
		D9E7402925B8EAF700DE95CE /* Debug */ = {
			isa = XCBuildConfiguration;
			buildSettings = {
				ALWAYS_SEARCH_USER_PATHS = NO;
				CLANG_ANALYZER_NONNULL = YES;
				CLANG_ANALYZER_NUMBER_OBJECT_CONVERSION = YES_AGGRESSIVE;
				CLANG_CXX_LANGUAGE_STANDARD = "gnu++14";
				CLANG_CXX_LIBRARY = "libc++";
				CLANG_ENABLE_MODULES = YES;
				CLANG_ENABLE_OBJC_ARC = YES;
				CLANG_ENABLE_OBJC_WEAK = YES;
				CLANG_WARN_BLOCK_CAPTURE_AUTORELEASING = YES;
				CLANG_WARN_BOOL_CONVERSION = YES;
				CLANG_WARN_COMMA = YES;
				CLANG_WARN_CONSTANT_CONVERSION = YES;
				CLANG_WARN_DEPRECATED_OBJC_IMPLEMENTATIONS = YES;
				CLANG_WARN_DIRECT_OBJC_ISA_USAGE = YES_ERROR;
				CLANG_WARN_DOCUMENTATION_COMMENTS = YES;
				CLANG_WARN_EMPTY_BODY = YES;
				CLANG_WARN_ENUM_CONVERSION = YES;
				CLANG_WARN_INFINITE_RECURSION = YES;
				CLANG_WARN_INT_CONVERSION = YES;
				CLANG_WARN_NON_LITERAL_NULL_CONVERSION = YES;
				CLANG_WARN_OBJC_IMPLICIT_RETAIN_SELF = YES;
				CLANG_WARN_OBJC_LITERAL_CONVERSION = YES;
				CLANG_WARN_OBJC_ROOT_CLASS = YES_ERROR;
				CLANG_WARN_QUOTED_INCLUDE_IN_FRAMEWORK_HEADER = YES;
				CLANG_WARN_RANGE_LOOP_ANALYSIS = YES;
				CLANG_WARN_STRICT_PROTOTYPES = YES;
				CLANG_WARN_SUSPICIOUS_MOVE = YES;
				CLANG_WARN_UNGUARDED_AVAILABILITY = YES_AGGRESSIVE;
				CLANG_WARN_UNREACHABLE_CODE = YES;
				CLANG_WARN__DUPLICATE_METHOD_MATCH = YES;
				COPY_PHASE_STRIP = NO;
				DEBUG_INFORMATION_FORMAT = dwarf;
				ENABLE_STRICT_OBJC_MSGSEND = YES;
				ENABLE_TESTABILITY = YES;
				GCC_C_LANGUAGE_STANDARD = gnu11;
				GCC_DYNAMIC_NO_PIC = NO;
				GCC_NO_COMMON_BLOCKS = YES;
				GCC_OPTIMIZATION_LEVEL = 0;
				GCC_PREPROCESSOR_DEFINITIONS = (
					"DEBUG=1",
					"$(inherited)",
				);
				GCC_WARN_64_TO_32_BIT_CONVERSION = YES;
				GCC_WARN_ABOUT_RETURN_TYPE = YES_ERROR;
				GCC_WARN_UNDECLARED_SELECTOR = YES;
				GCC_WARN_UNINITIALIZED_AUTOS = YES_AGGRESSIVE;
				GCC_WARN_UNUSED_FUNCTION = YES;
				GCC_WARN_UNUSED_VARIABLE = YES;
				IPHONEOS_DEPLOYMENT_TARGET = 14.3;
				MTL_ENABLE_DEBUG_INFO = INCLUDE_SOURCE;
				MTL_FAST_MATH = YES;
				ONLY_ACTIVE_ARCH = YES;
				SDKROOT = iphoneos;
				SWIFT_ACTIVE_COMPILATION_CONDITIONS = DEBUG;
				SWIFT_OPTIMIZATION_LEVEL = "-Onone";
			};
			name = Debug;
		};
		D9E7402A25B8EAF700DE95CE /* Release */ = {
			isa = XCBuildConfiguration;
			buildSettings = {
				ALWAYS_SEARCH_USER_PATHS = NO;
				CLANG_ANALYZER_NONNULL = YES;
				CLANG_ANALYZER_NUMBER_OBJECT_CONVERSION = YES_AGGRESSIVE;
				CLANG_CXX_LANGUAGE_STANDARD = "gnu++14";
				CLANG_CXX_LIBRARY = "libc++";
				CLANG_ENABLE_MODULES = YES;
				CLANG_ENABLE_OBJC_ARC = YES;
				CLANG_ENABLE_OBJC_WEAK = YES;
				CLANG_WARN_BLOCK_CAPTURE_AUTORELEASING = YES;
				CLANG_WARN_BOOL_CONVERSION = YES;
				CLANG_WARN_COMMA = YES;
				CLANG_WARN_CONSTANT_CONVERSION = YES;
				CLANG_WARN_DEPRECATED_OBJC_IMPLEMENTATIONS = YES;
				CLANG_WARN_DIRECT_OBJC_ISA_USAGE = YES_ERROR;
				CLANG_WARN_DOCUMENTATION_COMMENTS = YES;
				CLANG_WARN_EMPTY_BODY = YES;
				CLANG_WARN_ENUM_CONVERSION = YES;
				CLANG_WARN_INFINITE_RECURSION = YES;
				CLANG_WARN_INT_CONVERSION = YES;
				CLANG_WARN_NON_LITERAL_NULL_CONVERSION = YES;
				CLANG_WARN_OBJC_IMPLICIT_RETAIN_SELF = YES;
				CLANG_WARN_OBJC_LITERAL_CONVERSION = YES;
				CLANG_WARN_OBJC_ROOT_CLASS = YES_ERROR;
				CLANG_WARN_QUOTED_INCLUDE_IN_FRAMEWORK_HEADER = YES;
				CLANG_WARN_RANGE_LOOP_ANALYSIS = YES;
				CLANG_WARN_STRICT_PROTOTYPES = YES;
				CLANG_WARN_SUSPICIOUS_MOVE = YES;
				CLANG_WARN_UNGUARDED_AVAILABILITY = YES_AGGRESSIVE;
				CLANG_WARN_UNREACHABLE_CODE = YES;
				CLANG_WARN__DUPLICATE_METHOD_MATCH = YES;
				COPY_PHASE_STRIP = NO;
				DEBUG_INFORMATION_FORMAT = "dwarf-with-dsym";
				ENABLE_NS_ASSERTIONS = NO;
				ENABLE_STRICT_OBJC_MSGSEND = YES;
				GCC_C_LANGUAGE_STANDARD = gnu11;
				GCC_NO_COMMON_BLOCKS = YES;
				GCC_WARN_64_TO_32_BIT_CONVERSION = YES;
				GCC_WARN_ABOUT_RETURN_TYPE = YES_ERROR;
				GCC_WARN_UNDECLARED_SELECTOR = YES;
				GCC_WARN_UNINITIALIZED_AUTOS = YES_AGGRESSIVE;
				GCC_WARN_UNUSED_FUNCTION = YES;
				GCC_WARN_UNUSED_VARIABLE = YES;
				IPHONEOS_DEPLOYMENT_TARGET = 14.3;
				MTL_ENABLE_DEBUG_INFO = NO;
				MTL_FAST_MATH = YES;
				SDKROOT = iphoneos;
				SWIFT_COMPILATION_MODE = wholemodule;
				SWIFT_OPTIMIZATION_LEVEL = "-O";
				VALIDATE_PRODUCT = YES;
			};
			name = Release;
		};
		D9E7402C25B8EAF700DE95CE /* Debug */ = {
			isa = XCBuildConfiguration;
			buildSettings = {
				ASSETCATALOG_COMPILER_APPICON_NAME = AppIcon;
				ASSETCATALOG_COMPILER_GLOBAL_ACCENT_COLOR_NAME = AccentColor;
				CODE_SIGN_STYLE = Automatic;
				INFOPLIST_FILE = "GNB Products/Info.plist";
				LD_RUNPATH_SEARCH_PATHS = (
					"$(inherited)",
					"@executable_path/Frameworks",
				);
				PRODUCT_BUNDLE_IDENTIFIER = "BeMobile.GNB-Products";
				PRODUCT_NAME = "$(TARGET_NAME)";
				SWIFT_VERSION = 5.0;
				TARGETED_DEVICE_FAMILY = "1,2";
			};
			name = Debug;
		};
		D9E7402D25B8EAF700DE95CE /* Release */ = {
			isa = XCBuildConfiguration;
			buildSettings = {
				ASSETCATALOG_COMPILER_APPICON_NAME = AppIcon;
				ASSETCATALOG_COMPILER_GLOBAL_ACCENT_COLOR_NAME = AccentColor;
				CODE_SIGN_STYLE = Automatic;
				INFOPLIST_FILE = "GNB Products/Info.plist";
				LD_RUNPATH_SEARCH_PATHS = (
					"$(inherited)",
					"@executable_path/Frameworks",
				);
				PRODUCT_BUNDLE_IDENTIFIER = "BeMobile.GNB-Products";
				PRODUCT_NAME = "$(TARGET_NAME)";
				SWIFT_VERSION = 5.0;
				TARGETED_DEVICE_FAMILY = "1,2";
			};
			name = Release;
		};
		D9E7402F25B8EAF700DE95CE /* Debug */ = {
			isa = XCBuildConfiguration;
			buildSettings = {
				ALWAYS_EMBED_SWIFT_STANDARD_LIBRARIES = YES;
				BUNDLE_LOADER = "$(TEST_HOST)";
				CODE_SIGN_STYLE = Automatic;
				INFOPLIST_FILE = "GNB ProductsTests/Info.plist";
				IPHONEOS_DEPLOYMENT_TARGET = 14.3;
				LD_RUNPATH_SEARCH_PATHS = (
					"$(inherited)",
					"@executable_path/Frameworks",
					"@loader_path/Frameworks",
				);
				PRODUCT_BUNDLE_IDENTIFIER = "BeMobile.GNB-ProductsTests";
				PRODUCT_NAME = "$(TARGET_NAME)";
				SWIFT_VERSION = 5.0;
				TARGETED_DEVICE_FAMILY = "1,2";
				TEST_HOST = "$(BUILT_PRODUCTS_DIR)/GNB Products.app/GNB Products";
			};
			name = Debug;
		};
		D9E7403025B8EAF700DE95CE /* Release */ = {
			isa = XCBuildConfiguration;
			buildSettings = {
				ALWAYS_EMBED_SWIFT_STANDARD_LIBRARIES = YES;
				BUNDLE_LOADER = "$(TEST_HOST)";
				CODE_SIGN_STYLE = Automatic;
				INFOPLIST_FILE = "GNB ProductsTests/Info.plist";
				IPHONEOS_DEPLOYMENT_TARGET = 14.3;
				LD_RUNPATH_SEARCH_PATHS = (
					"$(inherited)",
					"@executable_path/Frameworks",
					"@loader_path/Frameworks",
				);
				PRODUCT_BUNDLE_IDENTIFIER = "BeMobile.GNB-ProductsTests";
				PRODUCT_NAME = "$(TARGET_NAME)";
				SWIFT_VERSION = 5.0;
				TARGETED_DEVICE_FAMILY = "1,2";
				TEST_HOST = "$(BUILT_PRODUCTS_DIR)/GNB Products.app/GNB Products";
			};
			name = Release;
		};
		D9E7403225B8EAF700DE95CE /* Debug */ = {
			isa = XCBuildConfiguration;
			buildSettings = {
				ALWAYS_EMBED_SWIFT_STANDARD_LIBRARIES = YES;
				CODE_SIGN_STYLE = Automatic;
				INFOPLIST_FILE = "GNB ProductsUITests/Info.plist";
				LD_RUNPATH_SEARCH_PATHS = (
					"$(inherited)",
					"@executable_path/Frameworks",
					"@loader_path/Frameworks",
				);
				PRODUCT_BUNDLE_IDENTIFIER = "BeMobile.GNB-ProductsUITests";
				PRODUCT_NAME = "$(TARGET_NAME)";
				SWIFT_VERSION = 5.0;
				TARGETED_DEVICE_FAMILY = "1,2";
				TEST_TARGET_NAME = "GNB Products";
			};
			name = Debug;
		};
		D9E7403325B8EAF700DE95CE /* Release */ = {
			isa = XCBuildConfiguration;
			buildSettings = {
				ALWAYS_EMBED_SWIFT_STANDARD_LIBRARIES = YES;
				CODE_SIGN_STYLE = Automatic;
				INFOPLIST_FILE = "GNB ProductsUITests/Info.plist";
				LD_RUNPATH_SEARCH_PATHS = (
					"$(inherited)",
					"@executable_path/Frameworks",
					"@loader_path/Frameworks",
				);
				PRODUCT_BUNDLE_IDENTIFIER = "BeMobile.GNB-ProductsUITests";
				PRODUCT_NAME = "$(TARGET_NAME)";
				SWIFT_VERSION = 5.0;
				TARGETED_DEVICE_FAMILY = "1,2";
				TEST_TARGET_NAME = "GNB Products";
			};
			name = Release;
		};
/* End XCBuildConfiguration section */

/* Begin XCConfigurationList section */
		D9E73FFC25B8EAEE00DE95CE /* Build configuration list for PBXProject "GNB Products" */ = {
			isa = XCConfigurationList;
			buildConfigurations = (
				D9E7402925B8EAF700DE95CE /* Debug */,
				D9E7402A25B8EAF700DE95CE /* Release */,
			);
			defaultConfigurationIsVisible = 0;
			defaultConfigurationName = Release;
		};
		D9E7402B25B8EAF700DE95CE /* Build configuration list for PBXNativeTarget "GNB Products" */ = {
			isa = XCConfigurationList;
			buildConfigurations = (
				D9E7402C25B8EAF700DE95CE /* Debug */,
				D9E7402D25B8EAF700DE95CE /* Release */,
			);
			defaultConfigurationIsVisible = 0;
			defaultConfigurationName = Release;
		};
		D9E7402E25B8EAF700DE95CE /* Build configuration list for PBXNativeTarget "GNB ProductsTests" */ = {
			isa = XCConfigurationList;
			buildConfigurations = (
				D9E7402F25B8EAF700DE95CE /* Debug */,
				D9E7403025B8EAF700DE95CE /* Release */,
			);
			defaultConfigurationIsVisible = 0;
			defaultConfigurationName = Release;
		};
		D9E7403125B8EAF700DE95CE /* Build configuration list for PBXNativeTarget "GNB ProductsUITests" */ = {
			isa = XCConfigurationList;
			buildConfigurations = (
				D9E7403225B8EAF700DE95CE /* Debug */,
				D9E7403325B8EAF700DE95CE /* Release */,
			);
			defaultConfigurationIsVisible = 0;
			defaultConfigurationName = Release;
		};
/* End XCConfigurationList section */
	};
	rootObject = D9E73FF925B8EAEE00DE95CE /* Project object */;
}
